set.recipes:
  discoverRecipes: true
  result:
    type: DEAD_BRAIN_CORAL_BLOCK
    amount: 8
  group: "looty:dead_brain_coral_block"
  recipes:
    - type: shaped
      items:
        S: { type: minecraft:brain_coral_block }
        B: { type: COBWEB }
      configuration: |-
        |SSS|
        |SBS|
        |SSS|
