set.recipes:
  discoverRecipes: true
  result:
    type: DEAD_FIRE_CORAL_BLOCK
    amount: 8
  group: "looty:dead_fire_coral_block"
  recipes:
    - type: shaped
      items:
        S: { type: minecraft:fire_coral_block }
        B: { type: mineinabyss:bundle_of_silkfang_silk }
      configuration: |-
        |SSS|
        |SBS|
        |SSS|